PODS:
  - Flutter (2.0.2)
  - speech_bubble (0.0.1):
    - Flutter

DEPENDENCIES:
  - speech_bubble (from `.symlinks/plugins/speech_bubble/ios`)

SPEC REPOS:
  trunk:
    - Flutter

EXTERNAL SOURCES:
  speech_bubble:
    :path: ".symlinks/plugins/speech_bubble/ios"

SPEC CHECKSUMS:
  Flutter: c48dd2c06f81cd2d28c2d5e68a129c76508452c2
  speech_bubble: 51ae0c27684a0d858d4283cafd66591337a851c2

PODFILE CHECKSUM: aff02bfeed411c636180d6812254b2daeea14d09

COCOAPODS: 1.11.2
